
Microsoft Visual Studio Solution File, Format Version 12.00
# Visual Studio 2012
Project("{FAE04EC0-301F-11D3-BF4B-00C04F79EFBC}") = "wfOKULAdoNet", "wfOKULAdoNet\wfOKULAdoNet.csproj", "{5C747C37-BF16-4987-BF1B-109A544948CB}"
EndProject
Global
	GlobalSection(SolutionConfigurationPlatforms) = preSolution
		Debug|Any CPU = Debug|Any CPU
		Release|Any CPU = Release|Any CPU
	EndGlobalSection
	GlobalSection(ProjectConfigurationPlatforms) = postSolution
		{5C747C37-BF16-4987-BF1B-109A544948CB}.Debug|Any CPU.ActiveCfg = Debug|Any CPU
		{5C747C37-BF16-4987-BF1B-109A544948CB}.Debug|Any CPU.Build.0 = Debug|Any CPU
		{5C747C37-BF16-4987-BF1B-109A544948CB}.Release|Any CPU.ActiveCfg = Release|Any CPU
		{5C747C37-BF16-4987-BF1B-109A544948CB}.Release|Any CPU.Build.0 = Release|Any CPU
	EndGlobalSection
	GlobalSection(SolutionProperties) = preSolution
		HideSolutionNode = FALSE
	EndGlobalSection
EndGlobal
